// !$*UTF8*$!
{
	archiveVersion = 1;
	classes = {
	};
	objectVersion = 56;
	objects = {

/* Begin PBXBuildFile section */
		B52FF3FC2977FA2500391822 /* ShouldCheckFoodCell.swift in Sources */ = {isa = PBXBuildFile; fileRef = B52FF3FB2977FA2500391822 /* ShouldCheckFoodCell.swift */; };
		B54B6F5A296D72DE00AC5A0B /* AppDelegate.swift in Sources */ = {isa = PBXBuildFile; fileRef = B54B6F59296D72DE00AC5A0B /* AppDelegate.swift */; };
		B54B6F5C296D72DE00AC5A0B /* SceneDelegate.swift in Sources */ = {isa = PBXBuildFile; fileRef = B54B6F5B296D72DE00AC5A0B /* SceneDelegate.swift */; };
		B54B6F5E296D72DE00AC5A0B /* FoodInputViewController.swift in Sources */ = {isa = PBXBuildFile; fileRef = B54B6F5D296D72DE00AC5A0B /* FoodInputViewController.swift */; };
		B54B6F61296D72DE00AC5A0B /* Main.storyboard in Resources */ = {isa = PBXBuildFile; fileRef = B54B6F5F296D72DE00AC5A0B /* Main.storyboard */; };
		B54B6F63296D72E000AC5A0B /* Assets.xcassets in Resources */ = {isa = PBXBuildFile; fileRef = B54B6F62296D72E000AC5A0B /* Assets.xcassets */; };
		B54B6F66296D72E000AC5A0B /* LaunchScreen.storyboard in Resources */ = {isa = PBXBuildFile; fileRef = B54B6F64296D72E000AC5A0B /* LaunchScreen.storyboard */; };
		B56ECF182970E872004E57F9 /* KeyboardExtension.swift in Sources */ = {isa = PBXBuildFile; fileRef = B56ECF172970E872004E57F9 /* KeyboardExtension.swift */; };
		B56ECF272970F184004E57F9 /* LinguisticService.swift in Sources */ = {isa = PBXBuildFile; fileRef = B56ECF262970F184004E57F9 /* LinguisticService.swift */; };
		B56ECF292970F1DC004E57F9 /* LinguisticServiceTests.swift in Sources */ = {isa = PBXBuildFile; fileRef = B56ECF282970F1DC004E57F9 /* LinguisticServiceTests.swift */; };
		B56ECF2B297102BE004E57F9 /* InputFoodTableViewController.swift in Sources */ = {isa = PBXBuildFile; fileRef = B56ECF2A297102BE004E57F9 /* InputFoodTableViewController.swift */; };
		B56ECF2E29712BDE004E57F9 /* Algorithms in Frameworks */ = {isa = PBXBuildFile; productRef = B56ECF2D29712BDE004E57F9 /* Algorithms */; };
		B56ECF342972516E004E57F9 /* ContentsService.swift in Sources */ = {isa = PBXBuildFile; fileRef = B56ECF332972516E004E57F9 /* ContentsService.swift */; };
		B56ECF3629726BE1004E57F9 /* food_1.json in Resources */ = {isa = PBXBuildFile; fileRef = B56ECF3529726BE1004E57F9 /* food_1.json */; };
		B56ECF3829726C30004E57F9 /* ReadJSONForSaitamaSyokuhin.swift in Sources */ = {isa = PBXBuildFile; fileRef = B56ECF3729726C30004E57F9 /* ReadJSONForSaitamaSyokuhin.swift */; };
		B56ECF3A29726CA4004E57F9 /* ReadJSONTests.swift in Sources */ = {isa = PBXBuildFile; fileRef = B56ECF3929726CA4004E57F9 /* ReadJSONTests.swift */; };
		B56ECF3C2972A081004E57F9 /* Food.swift in Sources */ = {isa = PBXBuildFile; fileRef = B56ECF3B2972A081004E57F9 /* Food.swift */; };
		B56ECF3E2972ACF1004E57F9 /* ShouldCheckFoodTableViewController.swift in Sources */ = {isa = PBXBuildFile; fileRef = B56ECF3D2972ACF1004E57F9 /* ShouldCheckFoodTableViewController.swift */; };
		B56ECF432972FF6D004E57F9 /* ContentsServiceTests.swift in Sources */ = {isa = PBXBuildFile; fileRef = B56ECF422972FF6D004E57F9 /* ContentsServiceTests.swift */; };
		B57BD15C2973958E006C9D79 /* InputFoodCell.swift in Sources */ = {isa = PBXBuildFile; fileRef = B57BD15B2973958E006C9D79 /* InputFoodCell.swift */; };
		B57BD15F2973AC69006C9D79 /* InputedFoodDataStore.swift in Sources */ = {isa = PBXBuildFile; fileRef = B57BD15E2973AC69006C9D79 /* InputedFoodDataStore.swift */; };
		B57BD1612973D2B3006C9D79 /* ShouldCheckFoodDataStore.swift in Sources */ = {isa = PBXBuildFile; fileRef = B57BD1602973D2B3006C9D79 /* ShouldCheckFoodDataStore.swift */; };
		B57BD1632973DBF3006C9D79 /* Environment.swift in Sources */ = {isa = PBXBuildFile; fileRef = B57BD1622973DBF3006C9D79 /* Environment.swift */; };
		B57BD1652973EDDE006C9D79 /* InputFoodTableViewModel.swift in Sources */ = {isa = PBXBuildFile; fileRef = B57BD1642973EDDE006C9D79 /* InputFoodTableViewModel.swift */; };
		B57BD1672973F457006C9D79 /* InputFoodTableViewModelTests.swift in Sources */ = {isa = PBXBuildFile; fileRef = B57BD1662973F457006C9D79 /* InputFoodTableViewModelTests.swift */; };
		B57BD1692974DB46006C9D79 /* DateExtension.swift in Sources */ = {isa = PBXBuildFile; fileRef = B57BD1682974DB46006C9D79 /* DateExtension.swift */; };
		B5A760572976AE8E0007B986 /* ShouldCheckFoodTests.swift in Sources */ = {isa = PBXBuildFile; fileRef = B5A760562976AE8E0007B986 /* ShouldCheckFoodTests.swift */; };
		B5C91ACF296E92C600CB7B31 /* ImageAnalysisViewController.swift in Sources */ = {isa = PBXBuildFile; fileRef = B5C91ACD296E92C600CB7B31 /* ImageAnalysisViewController.swift */; };
/* End PBXBuildFile section */

/* Begin PBXContainerItemProxy section */
		B56ECF212970F137004E57F9 /* PBXContainerItemProxy */ = {
			isa = PBXContainerItemProxy;
			containerPortal = B54B6F4E296D72DE00AC5A0B /* Project object */;
			proxyType = 1;
			remoteGlobalIDString = B54B6F55296D72DE00AC5A0B;
			remoteInfo = VisionTest;
		};
/* End PBXContainerItemProxy section */

/* Begin PBXFileReference section */
		B52FF3FB2977FA2500391822 /* ShouldCheckFoodCell.swift */ = {isa = PBXFileReference; lastKnownFileType = sourcecode.swift; path = ShouldCheckFoodCell.swift; sourceTree = "<group>"; };
		B54B6F56296D72DE00AC5A0B /* FoodLogger.app */ = {isa = PBXFileReference; explicitFileType = wrapper.application; includeInIndex = 0; path = FoodLogger.app; sourceTree = BUILT_PRODUCTS_DIR; };
		B54B6F59296D72DE00AC5A0B /* AppDelegate.swift */ = {isa = PBXFileReference; lastKnownFileType = sourcecode.swift; path = AppDelegate.swift; sourceTree = "<group>"; };
		B54B6F5B296D72DE00AC5A0B /* SceneDelegate.swift */ = {isa = PBXFileReference; lastKnownFileType = sourcecode.swift; path = SceneDelegate.swift; sourceTree = "<group>"; };
		B54B6F5D296D72DE00AC5A0B /* FoodInputViewController.swift */ = {isa = PBXFileReference; lastKnownFileType = sourcecode.swift; path = FoodInputViewController.swift; sourceTree = "<group>"; };
		B54B6F60296D72DE00AC5A0B /* Base */ = {isa = PBXFileReference; lastKnownFileType = file.storyboard; name = Base; path = Base.lproj/Main.storyboard; sourceTree = "<group>"; };
		B54B6F62296D72E000AC5A0B /* Assets.xcassets */ = {isa = PBXFileReference; lastKnownFileType = folder.assetcatalog; path = Assets.xcassets; sourceTree = "<group>"; };
		B54B6F65296D72E000AC5A0B /* Base */ = {isa = PBXFileReference; lastKnownFileType = file.storyboard; name = Base; path = Base.lproj/LaunchScreen.storyboard; sourceTree = "<group>"; };
		B54B6F67296D72E000AC5A0B /* Info.plist */ = {isa = PBXFileReference; lastKnownFileType = text.plist.xml; path = Info.plist; sourceTree = "<group>"; };
		B56ECF172970E872004E57F9 /* KeyboardExtension.swift */ = {isa = PBXFileReference; lastKnownFileType = sourcecode.swift; path = KeyboardExtension.swift; sourceTree = "<group>"; };
		B56ECF1D2970F137004E57F9 /* FoodLoggerTests.xctest */ = {isa = PBXFileReference; explicitFileType = wrapper.cfbundle; includeInIndex = 0; path = FoodLoggerTests.xctest; sourceTree = BUILT_PRODUCTS_DIR; };
		B56ECF262970F184004E57F9 /* LinguisticService.swift */ = {isa = PBXFileReference; lastKnownFileType = sourcecode.swift; path = LinguisticService.swift; sourceTree = "<group>"; };
		B56ECF282970F1DC004E57F9 /* LinguisticServiceTests.swift */ = {isa = PBXFileReference; lastKnownFileType = sourcecode.swift; path = LinguisticServiceTests.swift; sourceTree = "<group>"; };
		B56ECF2A297102BE004E57F9 /* InputFoodTableViewController.swift */ = {isa = PBXFileReference; lastKnownFileType = sourcecode.swift; path = InputFoodTableViewController.swift; sourceTree = "<group>"; };
		B56ECF332972516E004E57F9 /* ContentsService.swift */ = {isa = PBXFileReference; lastKnownFileType = sourcecode.swift; path = ContentsService.swift; sourceTree = "<group>"; };
		B56ECF3529726BE1004E57F9 /* food_1.json */ = {isa = PBXFileReference; fileEncoding = 4; lastKnownFileType = text.json; name = food_1.json; path = ../../../pdfToText/jupyter/food_1.json; sourceTree = "<group>"; };
		B56ECF3729726C30004E57F9 /* ReadJSONForSaitamaSyokuhin.swift */ = {isa = PBXFileReference; lastKnownFileType = sourcecode.swift; path = ReadJSONForSaitamaSyokuhin.swift; sourceTree = "<group>"; };
		B56ECF3929726CA4004E57F9 /* ReadJSONTests.swift */ = {isa = PBXFileReference; lastKnownFileType = sourcecode.swift; path = ReadJSONTests.swift; sourceTree = "<group>"; };
		B56ECF3B2972A081004E57F9 /* Food.swift */ = {isa = PBXFileReference; lastKnownFileType = sourcecode.swift; path = Food.swift; sourceTree = "<group>"; };
		B56ECF3D2972ACF1004E57F9 /* ShouldCheckFoodTableViewController.swift */ = {isa = PBXFileReference; lastKnownFileType = sourcecode.swift; path = ShouldCheckFoodTableViewController.swift; sourceTree = "<group>"; };
		B56ECF422972FF6D004E57F9 /* ContentsServiceTests.swift */ = {isa = PBXFileReference; lastKnownFileType = sourcecode.swift; path = ContentsServiceTests.swift; sourceTree = "<group>"; };
		B57BD15B2973958E006C9D79 /* InputFoodCell.swift */ = {isa = PBXFileReference; lastKnownFileType = sourcecode.swift; path = InputFoodCell.swift; sourceTree = "<group>"; };
		B57BD15E2973AC69006C9D79 /* InputedFoodDataStore.swift */ = {isa = PBXFileReference; lastKnownFileType = sourcecode.swift; path = InputedFoodDataStore.swift; sourceTree = "<group>"; };
		B57BD1602973D2B3006C9D79 /* ShouldCheckFoodDataStore.swift */ = {isa = PBXFileReference; lastKnownFileType = sourcecode.swift; path = ShouldCheckFoodDataStore.swift; sourceTree = "<group>"; };
		B57BD1622973DBF3006C9D79 /* Environment.swift */ = {isa = PBXFileReference; lastKnownFileType = sourcecode.swift; path = Environment.swift; sourceTree = "<group>"; };
		B57BD1642973EDDE006C9D79 /* InputFoodTableViewModel.swift */ = {isa = PBXFileReference; lastKnownFileType = sourcecode.swift; path = InputFoodTableViewModel.swift; sourceTree = "<group>"; };
		B57BD1662973F457006C9D79 /* InputFoodTableViewModelTests.swift */ = {isa = PBXFileReference; lastKnownFileType = sourcecode.swift; path = InputFoodTableViewModelTests.swift; sourceTree = "<group>"; };
		B57BD1682974DB46006C9D79 /* DateExtension.swift */ = {isa = PBXFileReference; lastKnownFileType = sourcecode.swift; path = DateExtension.swift; sourceTree = "<group>"; };
		B5A760562976AE8E0007B986 /* ShouldCheckFoodTests.swift */ = {isa = PBXFileReference; lastKnownFileType = sourcecode.swift; path = ShouldCheckFoodTests.swift; sourceTree = "<group>"; };
		B5C91ACD296E92C600CB7B31 /* ImageAnalysisViewController.swift */ = {isa = PBXFileReference; lastKnownFileType = sourcecode.swift; path = ImageAnalysisViewController.swift; sourceTree = "<group>"; };
/* End PBXFileReference section */

/* Begin PBXFrameworksBuildPhase section */
		B54B6F53296D72DE00AC5A0B /* Frameworks */ = {
			isa = PBXFrameworksBuildPhase;
			buildActionMask = 2147483647;
			files = (
				B56ECF2E29712BDE004E57F9 /* Algorithms in Frameworks */,
			);
			runOnlyForDeploymentPostprocessing = 0;
		};
		B56ECF1A2970F137004E57F9 /* Frameworks */ = {
			isa = PBXFrameworksBuildPhase;
			buildActionMask = 2147483647;
			files = (
			);
			runOnlyForDeploymentPostprocessing = 0;
		};
/* End PBXFrameworksBuildPhase section */

/* Begin PBXGroup section */
		B54B6F4D296D72DE00AC5A0B = {
			isa = PBXGroup;
			children = (
				B54B6F58296D72DE00AC5A0B /* FoodLogger */,
				B56ECF1E2970F137004E57F9 /* FoodLoggerTests */,
				B54B6F57296D72DE00AC5A0B /* Products */,
			);
			sourceTree = "<group>";
		};
		B54B6F57296D72DE00AC5A0B /* Products */ = {
			isa = PBXGroup;
			children = (
				B54B6F56296D72DE00AC5A0B /* FoodLogger.app */,
				B56ECF1D2970F137004E57F9 /* FoodLoggerTests.xctest */,
			);
			name = Products;
			sourceTree = "<group>";
		};
		B54B6F58296D72DE00AC5A0B /* FoodLogger */ = {
			isa = PBXGroup;
			children = (
				B56ECF3F2972ADBF004E57F9 /* settings */,
				B56ECF2F2972453D004E57F9 /* CheckListData */,
				B56ECF322972513B004E57F9 /* ContentsServer */,
				B56ECF402972AE0F004E57F9 /* Service */,
				B56ECF412972AE16004E57F9 /* View */,
			);
			path = FoodLogger;
			sourceTree = "<group>";
		};
		B56ECF1E2970F137004E57F9 /* FoodLoggerTests */ = {
			isa = PBXGroup;
			children = (
				B56ECF282970F1DC004E57F9 /* LinguisticServiceTests.swift */,
				B56ECF3929726CA4004E57F9 /* ReadJSONTests.swift */,
				B56ECF422972FF6D004E57F9 /* ContentsServiceTests.swift */,
				B57BD1662973F457006C9D79 /* InputFoodTableViewModelTests.swift */,
				B5A760562976AE8E0007B986 /* ShouldCheckFoodTests.swift */,
			);
			path = FoodLoggerTests;
			sourceTree = "<group>";
		};
		B56ECF2F2972453D004E57F9 /* CheckListData */ = {
			isa = PBXGroup;
			children = (
				B56ECF3529726BE1004E57F9 /* food_1.json */,
			);
			path = CheckListData;
			sourceTree = "<group>";
		};
		B56ECF322972513B004E57F9 /* ContentsServer */ = {
			isa = PBXGroup;
			children = (
				B56ECF332972516E004E57F9 /* ContentsService.swift */,
				B57BD1622973DBF3006C9D79 /* Environment.swift */,
				B57BD15E2973AC69006C9D79 /* InputedFoodDataStore.swift */,
				B57BD1602973D2B3006C9D79 /* ShouldCheckFoodDataStore.swift */,
				B56ECF3B2972A081004E57F9 /* Food.swift */,
				B56ECF3729726C30004E57F9 /* ReadJSONForSaitamaSyokuhin.swift */,
			);
			path = ContentsServer;
			sourceTree = "<group>";
		};
		B56ECF3F2972ADBF004E57F9 /* settings */ = {
			isa = PBXGroup;
			children = (
				B54B6F64296D72E000AC5A0B /* LaunchScreen.storyboard */,
				B54B6F59296D72DE00AC5A0B /* AppDelegate.swift */,
				B54B6F5B296D72DE00AC5A0B /* SceneDelegate.swift */,
				B54B6F62296D72E000AC5A0B /* Assets.xcassets */,
				B54B6F67296D72E000AC5A0B /* Info.plist */,
			);
			path = settings;
			sourceTree = "<group>";
		};
		B56ECF402972AE0F004E57F9 /* Service */ = {
			isa = PBXGroup;
			children = (
				B56ECF172970E872004E57F9 /* KeyboardExtension.swift */,
				B56ECF262970F184004E57F9 /* LinguisticService.swift */,
				B57BD1682974DB46006C9D79 /* DateExtension.swift */,
			);
			path = Service;
			sourceTree = "<group>";
		};
		B56ECF412972AE16004E57F9 /* View */ = {
			isa = PBXGroup;
			children = (
				B54B6F5F296D72DE00AC5A0B /* Main.storyboard */,
				B54B6F5D296D72DE00AC5A0B /* FoodInputViewController.swift */,
				B56ECF2A297102BE004E57F9 /* InputFoodTableViewController.swift */,
				B57BD1642973EDDE006C9D79 /* InputFoodTableViewModel.swift */,
				B5C91ACD296E92C600CB7B31 /* ImageAnalysisViewController.swift */,
				B56ECF3D2972ACF1004E57F9 /* ShouldCheckFoodTableViewController.swift */,
				B57BD15B2973958E006C9D79 /* InputFoodCell.swift */,
				B52FF3FB2977FA2500391822 /* ShouldCheckFoodCell.swift */,
			);
			path = View;
			sourceTree = "<group>";
		};
/* End PBXGroup section */

/* Begin PBXNativeTarget section */
		B54B6F55296D72DE00AC5A0B /* FoodLogger */ = {
			isa = PBXNativeTarget;
			buildConfigurationList = B54B6F6A296D72E000AC5A0B /* Build configuration list for PBXNativeTarget "FoodLogger" */;
			buildPhases = (
				B54B6F52296D72DE00AC5A0B /* Sources */,
				B54B6F53296D72DE00AC5A0B /* Frameworks */,
				B54B6F54296D72DE00AC5A0B /* Resources */,
			);
			buildRules = (
			);
			dependencies = (
			);
			name = FoodLogger;
			packageProductDependencies = (
				B56ECF2D29712BDE004E57F9 /* Algorithms */,
			);
			productName = VisionTest;
			productReference = B54B6F56296D72DE00AC5A0B /* FoodLogger.app */;
			productType = "com.apple.product-type.application";
		};
		B56ECF1C2970F137004E57F9 /* FoodLoggerTests */ = {
			isa = PBXNativeTarget;
			buildConfigurationList = B56ECF232970F137004E57F9 /* Build configuration list for PBXNativeTarget "FoodLoggerTests" */;
			buildPhases = (
				B56ECF192970F137004E57F9 /* Sources */,
				B56ECF1A2970F137004E57F9 /* Frameworks */,
				B56ECF1B2970F137004E57F9 /* Resources */,
			);
			buildRules = (
			);
			dependencies = (
				B56ECF222970F137004E57F9 /* PBXTargetDependency */,
			);
			name = FoodLoggerTests;
			productName = VisionTestTests;
			productReference = B56ECF1D2970F137004E57F9 /* FoodLoggerTests.xctest */;
			productType = "com.apple.product-type.bundle.unit-test";
		};
/* End PBXNativeTarget section */

/* Begin PBXProject section */
		B54B6F4E296D72DE00AC5A0B /* Project object */ = {
			isa = PBXProject;
			attributes = {
				BuildIndependentTargetsInParallel = 1;
				LastSwiftUpdateCheck = 1410;
				LastUpgradeCheck = 1410;
				TargetAttributes = {
					B54B6F55296D72DE00AC5A0B = {
						CreatedOnToolsVersion = 14.1;
					};
					B56ECF1C2970F137004E57F9 = {
						CreatedOnToolsVersion = 14.1;
						TestTargetID = B54B6F55296D72DE00AC5A0B;
					};
				};
			};
			buildConfigurationList = B54B6F51296D72DE00AC5A0B /* Build configuration list for PBXProject "FoodLogger" */;
			compatibilityVersion = "Xcode 14.0";
			developmentRegion = en;
			hasScannedForEncodings = 0;
			knownRegions = (
				en,
				Base,
			);
			mainGroup = B54B6F4D296D72DE00AC5A0B;
			packageReferences = (
				B56ECF2C29712BDE004E57F9 /* XCRemoteSwiftPackageReference "swift-algorithms" */,
			);
			productRefGroup = B54B6F57296D72DE00AC5A0B /* Products */;
			projectDirPath = "";
			projectRoot = "";
			targets = (
				B54B6F55296D72DE00AC5A0B /* FoodLogger */,
				B56ECF1C2970F137004E57F9 /* FoodLoggerTests */,
			);
		};
/* End PBXProject section */

/* Begin PBXResourcesBuildPhase section */
		B54B6F54296D72DE00AC5A0B /* Resources */ = {
			isa = PBXResourcesBuildPhase;
			buildActionMask = 2147483647;
			files = (
				B54B6F66296D72E000AC5A0B /* LaunchScreen.storyboard in Resources */,
				B54B6F63296D72E000AC5A0B /* Assets.xcassets in Resources */,
				B54B6F61296D72DE00AC5A0B /* Main.storyboard in Resources */,
				B56ECF3629726BE1004E57F9 /* food_1.json in Resources */,
			);
			runOnlyForDeploymentPostprocessing = 0;
		};
		B56ECF1B2970F137004E57F9 /* Resources */ = {
			isa = PBXResourcesBuildPhase;
			buildActionMask = 2147483647;
			files = (
			);
			runOnlyForDeploymentPostprocessing = 0;
		};
/* End PBXResourcesBuildPhase section */

/* Begin PBXSourcesBuildPhase section */
		B54B6F52296D72DE00AC5A0B /* Sources */ = {
			isa = PBXSourcesBuildPhase;
			buildActionMask = 2147483647;
			files = (
				B56ECF3C2972A081004E57F9 /* Food.swift in Sources */,
				B57BD1692974DB46006C9D79 /* DateExtension.swift in Sources */,
				B56ECF272970F184004E57F9 /* LinguisticService.swift in Sources */,
				B56ECF182970E872004E57F9 /* KeyboardExtension.swift in Sources */,
				B56ECF2B297102BE004E57F9 /* InputFoodTableViewController.swift in Sources */,
				B52FF3FC2977FA2500391822 /* ShouldCheckFoodCell.swift in Sources */,
				B57BD1652973EDDE006C9D79 /* InputFoodTableViewModel.swift in Sources */,
				B57BD1632973DBF3006C9D79 /* Environment.swift in Sources */,
				B56ECF342972516E004E57F9 /* ContentsService.swift in Sources */,
				B54B6F5E296D72DE00AC5A0B /* FoodInputViewController.swift in Sources */,
				B57BD15C2973958E006C9D79 /* InputFoodCell.swift in Sources */,
				B56ECF3E2972ACF1004E57F9 /* ShouldCheckFoodTableViewController.swift in Sources */,
				B54B6F5A296D72DE00AC5A0B /* AppDelegate.swift in Sources */,
				B56ECF3829726C30004E57F9 /* ReadJSONForSaitamaSyokuhin.swift in Sources */,
				B57BD15F2973AC69006C9D79 /* InputedFoodDataStore.swift in Sources */,
				B5C91ACF296E92C600CB7B31 /* ImageAnalysisViewController.swift in Sources */,
				B54B6F5C296D72DE00AC5A0B /* SceneDelegate.swift in Sources */,
				B57BD1612973D2B3006C9D79 /* ShouldCheckFoodDataStore.swift in Sources */,
			);
			runOnlyForDeploymentPostprocessing = 0;
		};
		B56ECF192970F137004E57F9 /* Sources */ = {
			isa = PBXSourcesBuildPhase;
			buildActionMask = 2147483647;
			files = (
				B5A760572976AE8E0007B986 /* ShouldCheckFoodTests.swift in Sources */,
				B57BD1672973F457006C9D79 /* InputFoodTableViewModelTests.swift in Sources */,
				B56ECF292970F1DC004E57F9 /* LinguisticServiceTests.swift in Sources */,
				B56ECF3A29726CA4004E57F9 /* ReadJSONTests.swift in Sources */,
				B56ECF432972FF6D004E57F9 /* ContentsServiceTests.swift in Sources */,
			);
			runOnlyForDeploymentPostprocessing = 0;
		};
/* End PBXSourcesBuildPhase section */

/* Begin PBXTargetDependency section */
		B56ECF222970F137004E57F9 /* PBXTargetDependency */ = {
			isa = PBXTargetDependency;
			target = B54B6F55296D72DE00AC5A0B /* FoodLogger */;
			targetProxy = B56ECF212970F137004E57F9 /* PBXContainerItemProxy */;
		};
/* End PBXTargetDependency section */

/* Begin PBXVariantGroup section */
		B54B6F5F296D72DE00AC5A0B /* Main.storyboard */ = {
			isa = PBXVariantGroup;
			children = (
				B54B6F60296D72DE00AC5A0B /* Base */,
			);
			name = Main.storyboard;
			sourceTree = "<group>";
		};
		B54B6F64296D72E000AC5A0B /* LaunchScreen.storyboard */ = {
			isa = PBXVariantGroup;
			children = (
				B54B6F65296D72E000AC5A0B /* Base */,
			);
			name = LaunchScreen.storyboard;
			sourceTree = "<group>";
		};
/* End PBXVariantGroup section */

/* Begin XCBuildConfiguration section */
		B54B6F68296D72E000AC5A0B /* Debug */ = {
			isa = XCBuildConfiguration;
			buildSettings = {
				ALWAYS_SEARCH_USER_PATHS = NO;
				CLANG_ANALYZER_NONNULL = YES;
				CLANG_ANALYZER_NUMBER_OBJECT_CONVERSION = YES_AGGRESSIVE;
				CLANG_CXX_LANGUAGE_STANDARD = "gnu++20";
				CLANG_ENABLE_MODULES = YES;
				CLANG_ENABLE_OBJC_ARC = YES;
				CLANG_ENABLE_OBJC_WEAK = YES;
				CLANG_WARN_BLOCK_CAPTURE_AUTORELEASING = YES;
				CLANG_WARN_BOOL_CONVERSION = YES;
				CLANG_WARN_COMMA = YES;
				CLANG_WARN_CONSTANT_CONVERSION = YES;
				CLANG_WARN_DEPRECATED_OBJC_IMPLEMENTATIONS = YES;
				CLANG_WARN_DIRECT_OBJC_ISA_USAGE = YES_ERROR;
				CLANG_WARN_DOCUMENTATION_COMMENTS = YES;
				CLANG_WARN_EMPTY_BODY = YES;
				CLANG_WARN_ENUM_CONVERSION = YES;
				CLANG_WARN_INFINITE_RECURSION = YES;
				CLANG_WARN_INT_CONVERSION = YES;
				CLANG_WARN_NON_LITERAL_NULL_CONVERSION = YES;
				CLANG_WARN_OBJC_IMPLICIT_RETAIN_SELF = YES;
				CLANG_WARN_OBJC_LITERAL_CONVERSION = YES;
				CLANG_WARN_OBJC_ROOT_CLASS = YES_ERROR;
				CLANG_WARN_QUOTED_INCLUDE_IN_FRAMEWORK_HEADER = YES;
				CLANG_WARN_RANGE_LOOP_ANALYSIS = YES;
				CLANG_WARN_STRICT_PROTOTYPES = YES;
				CLANG_WARN_SUSPICIOUS_MOVE = YES;
				CLANG_WARN_UNGUARDED_AVAILABILITY = YES_AGGRESSIVE;
				CLANG_WARN_UNREACHABLE_CODE = YES;
				CLANG_WARN__DUPLICATE_METHOD_MATCH = YES;
				COPY_PHASE_STRIP = NO;
				DEBUG_INFORMATION_FORMAT = dwarf;
				ENABLE_STRICT_OBJC_MSGSEND = YES;
				ENABLE_TESTABILITY = YES;
				GCC_C_LANGUAGE_STANDARD = gnu11;
				GCC_DYNAMIC_NO_PIC = NO;
				GCC_NO_COMMON_BLOCKS = YES;
				GCC_OPTIMIZATION_LEVEL = 0;
				GCC_PREPROCESSOR_DEFINITIONS = (
					"DEBUG=1",
					"$(inherited)",
				);
				GCC_WARN_64_TO_32_BIT_CONVERSION = YES;
				GCC_WARN_ABOUT_RETURN_TYPE = YES_ERROR;
				GCC_WARN_UNDECLARED_SELECTOR = YES;
				GCC_WARN_UNINITIALIZED_AUTOS = YES_AGGRESSIVE;
				GCC_WARN_UNUSED_FUNCTION = YES;
				GCC_WARN_UNUSED_VARIABLE = YES;
				IPHONEOS_DEPLOYMENT_TARGET = 16.1;
				MTL_ENABLE_DEBUG_INFO = INCLUDE_SOURCE;
				MTL_FAST_MATH = YES;
				ONLY_ACTIVE_ARCH = YES;
				SDKROOT = iphoneos;
				SWIFT_ACTIVE_COMPILATION_CONDITIONS = DEBUG;
				SWIFT_OPTIMIZATION_LEVEL = "-Onone";
			};
			name = Debug;
		};
		B54B6F69296D72E000AC5A0B /* Release */ = {
			isa = XCBuildConfiguration;
			buildSettings = {
				ALWAYS_SEARCH_USER_PATHS = NO;
				CLANG_ANALYZER_NONNULL = YES;
				CLANG_ANALYZER_NUMBER_OBJECT_CONVERSION = YES_AGGRESSIVE;
				CLANG_CXX_LANGUAGE_STANDARD = "gnu++20";
				CLANG_ENABLE_MODULES = YES;
				CLANG_ENABLE_OBJC_ARC = YES;
				CLANG_ENABLE_OBJC_WEAK = YES;
				CLANG_WARN_BLOCK_CAPTURE_AUTORELEASING = YES;
				CLANG_WARN_BOOL_CONVERSION = YES;
				CLANG_WARN_COMMA = YES;
				CLANG_WARN_CONSTANT_CONVERSION = YES;
				CLANG_WARN_DEPRECATED_OBJC_IMPLEMENTATIONS = YES;
				CLANG_WARN_DIRECT_OBJC_ISA_USAGE = YES_ERROR;
				CLANG_WARN_DOCUMENTATION_COMMENTS = YES;
				CLANG_WARN_EMPTY_BODY = YES;
				CLANG_WARN_ENUM_CONVERSION = YES;
				CLANG_WARN_INFINITE_RECURSION = YES;
				CLANG_WARN_INT_CONVERSION = YES;
				CLANG_WARN_NON_LITERAL_NULL_CONVERSION = YES;
				CLANG_WARN_OBJC_IMPLICIT_RETAIN_SELF = YES;
				CLANG_WARN_OBJC_LITERAL_CONVERSION = YES;
				CLANG_WARN_OBJC_ROOT_CLASS = YES_ERROR;
				CLANG_WARN_QUOTED_INCLUDE_IN_FRAMEWORK_HEADER = YES;
				CLANG_WARN_RANGE_LOOP_ANALYSIS = YES;
				CLANG_WARN_STRICT_PROTOTYPES = YES;
				CLANG_WARN_SUSPICIOUS_MOVE = YES;
				CLANG_WARN_UNGUARDED_AVAILABILITY = YES_AGGRESSIVE;
				CLANG_WARN_UNREACHABLE_CODE = YES;
				CLANG_WARN__DUPLICATE_METHOD_MATCH = YES;
				COPY_PHASE_STRIP = NO;
				DEBUG_INFORMATION_FORMAT = "dwarf-with-dsym";
				ENABLE_NS_ASSERTIONS = NO;
				ENABLE_STRICT_OBJC_MSGSEND = YES;
				GCC_C_LANGUAGE_STANDARD = gnu11;
				GCC_NO_COMMON_BLOCKS = YES;
				GCC_WARN_64_TO_32_BIT_CONVERSION = YES;
				GCC_WARN_ABOUT_RETURN_TYPE = YES_ERROR;
				GCC_WARN_UNDECLARED_SELECTOR = YES;
				GCC_WARN_UNINITIALIZED_AUTOS = YES_AGGRESSIVE;
				GCC_WARN_UNUSED_FUNCTION = YES;
				GCC_WARN_UNUSED_VARIABLE = YES;
				IPHONEOS_DEPLOYMENT_TARGET = 16.1;
				MTL_ENABLE_DEBUG_INFO = NO;
				MTL_FAST_MATH = YES;
				SDKROOT = iphoneos;
				SWIFT_COMPILATION_MODE = wholemodule;
				SWIFT_OPTIMIZATION_LEVEL = "-O";
				VALIDATE_PRODUCT = YES;
			};
			name = Release;
		};
		B54B6F6B296D72E000AC5A0B /* Debug */ = {
			isa = XCBuildConfiguration;
			buildSettings = {
				ASSETCATALOG_COMPILER_APPICON_NAME = AppIcon;
				ASSETCATALOG_COMPILER_GLOBAL_ACCENT_COLOR_NAME = AccentColor;
				CODE_SIGN_STYLE = Automatic;
				CURRENT_PROJECT_VERSION = 1;
				DEVELOPMENT_TEAM = 39WWX2FY3V;
				GENERATE_INFOPLIST_FILE = YES;
				INFOPLIST_FILE = FoodLogger/settings/Info.plist;
				INFOPLIST_KEY_UIApplicationSupportsIndirectInputEvents = YES;
				INFOPLIST_KEY_UILaunchStoryboardName = LaunchScreen;
				INFOPLIST_KEY_UIMainStoryboardFile = Main;
				INFOPLIST_KEY_UISupportedInterfaceOrientations_iPad = "UIInterfaceOrientationPortrait UIInterfaceOrientationPortraitUpsideDown UIInterfaceOrientationLandscapeLeft UIInterfaceOrientationLandscapeRight";
				INFOPLIST_KEY_UISupportedInterfaceOrientations_iPhone = "UIInterfaceOrientationPortrait UIInterfaceOrientationLandscapeLeft UIInterfaceOrientationLandscapeRight";
				LD_RUNPATH_SEARCH_PATHS = (
					"$(inherited)",
					"@executable_path/Frameworks",
				);
				MARKETING_VERSION = 1.0;
				PRODUCT_BUNDLE_IDENTIFIER = k.saitoh0526.VisionTest;
				PRODUCT_NAME = "$(TARGET_NAME)";
				SWIFT_EMIT_LOC_STRINGS = YES;
				SWIFT_VERSION = 5.0;
				TARGETED_DEVICE_FAMILY = "1,2";
			};
			name = Debug;
		};
		B54B6F6C296D72E000AC5A0B /* Release */ = {
			isa = XCBuildConfiguration;
			buildSettings = {
				ASSETCATALOG_COMPILER_APPICON_NAME = AppIcon;
				ASSETCATALOG_COMPILER_GLOBAL_ACCENT_COLOR_NAME = AccentColor;
				CODE_SIGN_STYLE = Automatic;
				CURRENT_PROJECT_VERSION = 1;
				DEVELOPMENT_TEAM = 39WWX2FY3V;
				GENERATE_INFOPLIST_FILE = YES;
				INFOPLIST_FILE = FoodLogger/settings/Info.plist;
				INFOPLIST_KEY_UIApplicationSupportsIndirectInputEvents = YES;
				INFOPLIST_KEY_UILaunchStoryboardName = LaunchScreen;
				INFOPLIST_KEY_UIMainStoryboardFile = Main;
				INFOPLIST_KEY_UISupportedInterfaceOrientations_iPad = "UIInterfaceOrientationPortrait UIInterfaceOrientationPortraitUpsideDown UIInterfaceOrientationLandscapeLeft UIInterfaceOrientationLandscapeRight";
				INFOPLIST_KEY_UISupportedInterfaceOrientations_iPhone = "UIInterfaceOrientationPortrait UIInterfaceOrientationLandscapeLeft UIInterfaceOrientationLandscapeRight";
				LD_RUNPATH_SEARCH_PATHS = (
					"$(inherited)",
					"@executable_path/Frameworks",
				);
				MARKETING_VERSION = 1.0;
				PRODUCT_BUNDLE_IDENTIFIER = k.saitoh0526.VisionTest;
				PRODUCT_NAME = "$(TARGET_NAME)";
				SWIFT_EMIT_LOC_STRINGS = YES;
				SWIFT_VERSION = 5.0;
				TARGETED_DEVICE_FAMILY = "1,2";
			};
			name = Release;
		};
		B56ECF242970F137004E57F9 /* Debug */ = {
			isa = XCBuildConfiguration;
			buildSettings = {
				BUNDLE_LOADER = "$(TEST_HOST)";
				CODE_SIGN_STYLE = Automatic;
				CURRENT_PROJECT_VERSION = 1;
				DEVELOPMENT_TEAM = 39WWX2FY3V;
				GENERATE_INFOPLIST_FILE = YES;
				IPHONEOS_DEPLOYMENT_TARGET = 16.1;
				MACOSX_DEPLOYMENT_TARGET = 13.0;
				MARKETING_VERSION = 1.0;
				PRODUCT_BUNDLE_IDENTIFIER = k.saitoh0526.VisionTestTests;
				PRODUCT_NAME = "$(TARGET_NAME)";
				SDKROOT = auto;
				SUPPORTED_PLATFORMS = "iphoneos iphonesimulator macosx";
				SWIFT_EMIT_LOC_STRINGS = NO;
				SWIFT_VERSION = 5.0;
				TARGETED_DEVICE_FAMILY = "1,2";
				TEST_HOST = "$(BUILT_PRODUCTS_DIR)/FoodLogger.app/$(BUNDLE_EXECUTABLE_FOLDER_PATH)/FoodLogger";
			};
			name = Debug;
		};
		B56ECF252970F137004E57F9 /* Release */ = {
			isa = XCBuildConfiguration;
			buildSettings = {
				BUNDLE_LOADER = "$(TEST_HOST)";
				CODE_SIGN_STYLE = Automatic;
				CURRENT_PROJECT_VERSION = 1;
				DEVELOPMENT_TEAM = 39WWX2FY3V;
				GENERATE_INFOPLIST_FILE = YES;
				IPHONEOS_DEPLOYMENT_TARGET = 16.1;
				MACOSX_DEPLOYMENT_TARGET = 13.0;
				MARKETING_VERSION = 1.0;
				PRODUCT_BUNDLE_IDENTIFIER = k.saitoh0526.VisionTestTests;
				PRODUCT_NAME = "$(TARGET_NAME)";
				SDKROOT = auto;
				SUPPORTED_PLATFORMS = "iphoneos iphonesimulator macosx";
				SWIFT_EMIT_LOC_STRINGS = NO;
				SWIFT_VERSION = 5.0;
				TARGETED_DEVICE_FAMILY = "1,2";
				TEST_HOST = "$(BUILT_PRODUCTS_DIR)/FoodLogger.app/$(BUNDLE_EXECUTABLE_FOLDER_PATH)/FoodLogger";
			};
			name = Release;
		};
/* End XCBuildConfiguration section */

/* Begin XCConfigurationList section */
		B54B6F51296D72DE00AC5A0B /* Build configuration list for PBXProject "FoodLogger" */ = {
			isa = XCConfigurationList;
			buildConfigurations = (
				B54B6F68296D72E000AC5A0B /* Debug */,
				B54B6F69296D72E000AC5A0B /* Release */,
			);
			defaultConfigurationIsVisible = 0;
			defaultConfigurationName = Release;
		};
		B54B6F6A296D72E000AC5A0B /* Build configuration list for PBXNativeTarget "FoodLogger" */ = {
			isa = XCConfigurationList;
			buildConfigurations = (
				B54B6F6B296D72E000AC5A0B /* Debug */,
				B54B6F6C296D72E000AC5A0B /* Release */,
			);
			defaultConfigurationIsVisible = 0;
			defaultConfigurationName = Release;
		};
		B56ECF232970F137004E57F9 /* Build configuration list for PBXNativeTarget "FoodLoggerTests" */ = {
			isa = XCConfigurationList;
			buildConfigurations = (
				B56ECF242970F137004E57F9 /* Debug */,
				B56ECF252970F137004E57F9 /* Release */,
			);
			defaultConfigurationIsVisible = 0;
			defaultConfigurationName = Release;
		};
/* End XCConfigurationList section */

/* Begin XCRemoteSwiftPackageReference section */
		B56ECF2C29712BDE004E57F9 /* XCRemoteSwiftPackageReference "swift-algorithms" */ = {
			isa = XCRemoteSwiftPackageReference;
			repositoryURL = "https://github.com/apple/swift-algorithms.git";
			requirement = {
				kind = upToNextMajorVersion;
				minimumVersion = 1.0.0;
			};
		};
/* End XCRemoteSwiftPackageReference section */

/* Begin XCSwiftPackageProductDependency section */
		B56ECF2D29712BDE004E57F9 /* Algorithms */ = {
			isa = XCSwiftPackageProductDependency;
			package = B56ECF2C29712BDE004E57F9 /* XCRemoteSwiftPackageReference "swift-algorithms" */;
			productName = Algorithms;
		};
/* End XCSwiftPackageProductDependency section */
	};
	rootObject = B54B6F4E296D72DE00AC5A0B /* Project object */;
}
